
Microsoft Visual Studio Solution File, Format Version 12.00
# Visual Studio Version 16
VisualStudioVersion = 16.0.31613.86
MinimumVisualStudioVersion = 10.0.40219.1
Project("{FAE04EC0-301F-11D3-BF4B-00C04F79EFBC}") = "PaymentFlowDemo", "PaymentFlowDemo\PaymentFlowDemo.csproj", "{EE48A8BD-A33D-4AFB-A794-B061D85035BE}"
EndProject
Global
	GlobalSection(SolutionConfigurationPlatforms) = preSolution
		Debug|Any CPU = Debug|Any CPU
		Release|Any CPU = Release|Any CPU
	EndGlobalSection
	GlobalSection(ProjectConfigurationPlatforms) = postSolution
		{EE48A8BD-A33D-4AFB-A794-B061D85035BE}.Debug|Any CPU.ActiveCfg = Debug|Any CPU
		{EE48A8BD-A33D-4AFB-A794-B061D85035BE}.Debug|Any CPU.Build.0 = Debug|Any CPU
		{EE48A8BD-A33D-4AFB-A794-B061D85035BE}.Release|Any CPU.ActiveCfg = Release|Any CPU
		{EE48A8BD-A33D-4AFB-A794-B061D85035BE}.Release|Any CPU.Build.0 = Release|Any CPU
	EndGlobalSection
	GlobalSection(SolutionProperties) = preSolution
		HideSolutionNode = FALSE
	EndGlobalSection
	GlobalSection(ExtensibilityGlobals) = postSolution
		SolutionGuid = {765B498C-6DE3-4528-BD70-3D76BF315306}
	EndGlobalSection
EndGlobal
